// !$*UTF8*$!
{
	archiveVersion = 1;
	classes = {
	};
	objectVersion = 50;
	objects = {

/* Begin PBXBuildFile section */
		3DF666DC2179225100BB6B5A /* AppDelegate.swift in Sources */ = {isa = PBXBuildFile; fileRef = 3DF666DB2179225100BB6B5A /* AppDelegate.swift */; };
		3DF666DE2179225100BB6B5A /* ViewController.swift in Sources */ = {isa = PBXBuildFile; fileRef = 3DF666DD2179225100BB6B5A /* ViewController.swift */; };
		3DF666E12179225100BB6B5A /* Main.storyboard in Resources */ = {isa = PBXBuildFile; fileRef = 3DF666DF2179225100BB6B5A /* Main.storyboard */; };
		3DF666E32179225300BB6B5A /* Assets.xcassets in Resources */ = {isa = PBXBuildFile; fileRef = 3DF666E22179225300BB6B5A /* Assets.xcassets */; };
		3DF666E62179225300BB6B5A /* LaunchScreen.storyboard in Resources */ = {isa = PBXBuildFile; fileRef = 3DF666E42179225300BB6B5A /* LaunchScreen.storyboard */; };
		3DF666F12179225400BB6B5A /* ClimaTests.swift in Sources */ = {isa = PBXBuildFile; fileRef = 3DF666F02179225400BB6B5A /* ClimaTests.swift */; };
		3DF666FC2179225400BB6B5A /* ClimaUITests.swift in Sources */ = {isa = PBXBuildFile; fileRef = 3DF666FB2179225400BB6B5A /* ClimaUITests.swift */; };
		3DF667222179251D00BB6B5A /* Alamofire.framework in Frameworks */ = {isa = PBXBuildFile; fileRef = 3DF667152179243C00BB6B5A /* Alamofire.framework */; };
		3DF667232179251D00BB6B5A /* Alamofire.framework in Embed Frameworks */ = {isa = PBXBuildFile; fileRef = 3DF667152179243C00BB6B5A /* Alamofire.framework */; settings = {ATTRIBUTES = (CodeSignOnCopy, RemoveHeadersOnCopy, ); }; };
/* End PBXBuildFile section */

/* Begin PBXContainerItemProxy section */
		3DF666ED2179225400BB6B5A /* PBXContainerItemProxy */ = {
			isa = PBXContainerItemProxy;
			containerPortal = 3DF666D02179225100BB6B5A /* Project object */;
			proxyType = 1;
			remoteGlobalIDString = 3DF666D72179225100BB6B5A;
			remoteInfo = Clima;
		};
		3DF666F82179225400BB6B5A /* PBXContainerItemProxy */ = {
			isa = PBXContainerItemProxy;
			containerPortal = 3DF666D02179225100BB6B5A /* Project object */;
			proxyType = 1;
			remoteGlobalIDString = 3DF666D72179225100BB6B5A;
			remoteInfo = Clima;
		};
		3DF667142179243C00BB6B5A /* PBXContainerItemProxy */ = {
			isa = PBXContainerItemProxy;
			containerPortal = 3DF667092179243C00BB6B5A /* Alamofire.xcodeproj */;
			proxyType = 2;
			remoteGlobalIDString = F8111E3319A95C8B0040E7D1;
			remoteInfo = "Alamofire iOS";
		};
		3DF667162179243C00BB6B5A /* PBXContainerItemProxy */ = {
			isa = PBXContainerItemProxy;
			containerPortal = 3DF667092179243C00BB6B5A /* Alamofire.xcodeproj */;
			proxyType = 2;
			remoteGlobalIDString = F8111E3E19A95C8B0040E7D1;
			remoteInfo = "Alamofire iOS Tests";
		};
		3DF667182179243C00BB6B5A /* PBXContainerItemProxy */ = {
			isa = PBXContainerItemProxy;
			containerPortal = 3DF667092179243C00BB6B5A /* Alamofire.xcodeproj */;
			proxyType = 2;
			remoteGlobalIDString = 4DD67C0B1A5C55C900ED2280;
			remoteInfo = "Alamofire macOS";
		};
		3DF6671A2179243C00BB6B5A /* PBXContainerItemProxy */ = {
			isa = PBXContainerItemProxy;
			containerPortal = 3DF667092179243C00BB6B5A /* Alamofire.xcodeproj */;
			proxyType = 2;
			remoteGlobalIDString = F829C6B21A7A94F100A2CD59;
			remoteInfo = "Alamofire macOS Tests";
		};
		3DF6671C2179243C00BB6B5A /* PBXContainerItemProxy */ = {
			isa = PBXContainerItemProxy;
			containerPortal = 3DF667092179243C00BB6B5A /* Alamofire.xcodeproj */;
			proxyType = 2;
			remoteGlobalIDString = 4CF626EF1BA7CB3E0011A099;
			remoteInfo = "Alamofire tvOS";
		};
		3DF6671E2179243C00BB6B5A /* PBXContainerItemProxy */ = {
			isa = PBXContainerItemProxy;
			containerPortal = 3DF667092179243C00BB6B5A /* Alamofire.xcodeproj */;
			proxyType = 2;
			remoteGlobalIDString = 4CF626F81BA7CB3E0011A099;
			remoteInfo = "Alamofire tvOS Tests";
		};
		3DF667202179243C00BB6B5A /* PBXContainerItemProxy */ = {
			isa = PBXContainerItemProxy;
			containerPortal = 3DF667092179243C00BB6B5A /* Alamofire.xcodeproj */;
			proxyType = 2;
			remoteGlobalIDString = E4202FE01B667AA100C997FB;
			remoteInfo = "Alamofire watchOS";
		};
		3DF667242179251D00BB6B5A /* PBXContainerItemProxy */ = {
			isa = PBXContainerItemProxy;
			containerPortal = 3DF667092179243C00BB6B5A /* Alamofire.xcodeproj */;
			proxyType = 1;
			remoteGlobalIDString = F8111E3219A95C8B0040E7D1;
			remoteInfo = "Alamofire iOS";
		};
/* End PBXContainerItemProxy section */

/* Begin PBXCopyFilesBuildPhase section */
		3DF667262179251D00BB6B5A /* Embed Frameworks */ = {
			isa = PBXCopyFilesBuildPhase;
			buildActionMask = 2147483647;
			dstPath = "";
			dstSubfolderSpec = 10;
			files = (
				3DF667232179251D00BB6B5A /* Alamofire.framework in Embed Frameworks */,
			);
			name = "Embed Frameworks";
			runOnlyForDeploymentPostprocessing = 0;
		};
/* End PBXCopyFilesBuildPhase section */

/* Begin PBXFileReference section */
		3DF666D82179225100BB6B5A /* Clima.app */ = {isa = PBXFileReference; explicitFileType = wrapper.application; includeInIndex = 0; path = Clima.app; sourceTree = BUILT_PRODUCTS_DIR; };
		3DF666DB2179225100BB6B5A /* AppDelegate.swift */ = {isa = PBXFileReference; lastKnownFileType = sourcecode.swift; path = AppDelegate.swift; sourceTree = "<group>"; };
		3DF666DD2179225100BB6B5A /* ViewController.swift */ = {isa = PBXFileReference; lastKnownFileType = sourcecode.swift; path = ViewController.swift; sourceTree = "<group>"; };
		3DF666E02179225100BB6B5A /* Base */ = {isa = PBXFileReference; lastKnownFileType = file.storyboard; name = Base; path = Base.lproj/Main.storyboard; sourceTree = "<group>"; };
		3DF666E22179225300BB6B5A /* Assets.xcassets */ = {isa = PBXFileReference; lastKnownFileType = folder.assetcatalog; path = Assets.xcassets; sourceTree = "<group>"; };
		3DF666E52179225300BB6B5A /* Base */ = {isa = PBXFileReference; lastKnownFileType = file.storyboard; name = Base; path = Base.lproj/LaunchScreen.storyboard; sourceTree = "<group>"; };
		3DF666E72179225300BB6B5A /* Info.plist */ = {isa = PBXFileReference; lastKnownFileType = text.plist.xml; path = Info.plist; sourceTree = "<group>"; };
		3DF666EC2179225400BB6B5A /* ClimaTests.xctest */ = {isa = PBXFileReference; explicitFileType = wrapper.cfbundle; includeInIndex = 0; path = ClimaTests.xctest; sourceTree = BUILT_PRODUCTS_DIR; };
		3DF666F02179225400BB6B5A /* ClimaTests.swift */ = {isa = PBXFileReference; lastKnownFileType = sourcecode.swift; path = ClimaTests.swift; sourceTree = "<group>"; };
		3DF666F22179225400BB6B5A /* Info.plist */ = {isa = PBXFileReference; lastKnownFileType = text.plist.xml; path = Info.plist; sourceTree = "<group>"; };
		3DF666F72179225400BB6B5A /* ClimaUITests.xctest */ = {isa = PBXFileReference; explicitFileType = wrapper.cfbundle; includeInIndex = 0; path = ClimaUITests.xctest; sourceTree = BUILT_PRODUCTS_DIR; };
		3DF666FB2179225400BB6B5A /* ClimaUITests.swift */ = {isa = PBXFileReference; lastKnownFileType = sourcecode.swift; path = ClimaUITests.swift; sourceTree = "<group>"; };
		3DF666FD2179225400BB6B5A /* Info.plist */ = {isa = PBXFileReference; lastKnownFileType = text.plist.xml; path = Info.plist; sourceTree = "<group>"; };
		3DF667092179243C00BB6B5A /* Alamofire.xcodeproj */ = {isa = PBXFileReference; lastKnownFileType = "wrapper.pb-project"; name = Alamofire.xcodeproj; path = Alamofire/Alamofire.xcodeproj; sourceTree = SOURCE_ROOT; };
/* End PBXFileReference section */

/* Begin PBXFrameworksBuildPhase section */
		3DF666D52179225100BB6B5A /* Frameworks */ = {
			isa = PBXFrameworksBuildPhase;
			buildActionMask = 2147483647;
			files = (
				3DF667222179251D00BB6B5A /* Alamofire.framework in Frameworks */,
			);
			runOnlyForDeploymentPostprocessing = 0;
		};
		3DF666E92179225400BB6B5A /* Frameworks */ = {
			isa = PBXFrameworksBuildPhase;
			buildActionMask = 2147483647;
			files = (
			);
			runOnlyForDeploymentPostprocessing = 0;
		};
		3DF666F42179225400BB6B5A /* Frameworks */ = {
			isa = PBXFrameworksBuildPhase;
			buildActionMask = 2147483647;
			files = (
			);
			runOnlyForDeploymentPostprocessing = 0;
		};
/* End PBXFrameworksBuildPhase section */

/* Begin PBXGroup section */
		3DF666CF2179225100BB6B5A = {
			isa = PBXGroup;
			children = (
				3DF666DA2179225100BB6B5A /* Clima */,
				3DF666EF2179225400BB6B5A /* ClimaTests */,
				3DF666FA2179225400BB6B5A /* ClimaUITests */,
				3DF666D92179225100BB6B5A /* Products */,
			);
			sourceTree = "<group>";
		};
		3DF666D92179225100BB6B5A /* Products */ = {
			isa = PBXGroup;
			children = (
				3DF666D82179225100BB6B5A /* Clima.app */,
				3DF666EC2179225400BB6B5A /* ClimaTests.xctest */,
				3DF666F72179225400BB6B5A /* ClimaUITests.xctest */,
			);
			name = Products;
			sourceTree = "<group>";
		};
		3DF666DA2179225100BB6B5A /* Clima */ = {
			isa = PBXGroup;
			children = (
				3DF667092179243C00BB6B5A /* Alamofire.xcodeproj */,
				3DF666DB2179225100BB6B5A /* AppDelegate.swift */,
				3DF666DD2179225100BB6B5A /* ViewController.swift */,
				3DF666DF2179225100BB6B5A /* Main.storyboard */,
				3DF666E22179225300BB6B5A /* Assets.xcassets */,
				3DF666E42179225300BB6B5A /* LaunchScreen.storyboard */,
				3DF666E72179225300BB6B5A /* Info.plist */,
			);
			path = Clima;
			sourceTree = "<group>";
		};
		3DF666EF2179225400BB6B5A /* ClimaTests */ = {
			isa = PBXGroup;
			children = (
				3DF666F02179225400BB6B5A /* ClimaTests.swift */,
				3DF666F22179225400BB6B5A /* Info.plist */,
			);
			path = ClimaTests;
			sourceTree = "<group>";
		};
		3DF666FA2179225400BB6B5A /* ClimaUITests */ = {
			isa = PBXGroup;
			children = (
				3DF666FB2179225400BB6B5A /* ClimaUITests.swift */,
				3DF666FD2179225400BB6B5A /* Info.plist */,
			);
			path = ClimaUITests;
			sourceTree = "<group>";
		};
		3DF6670A2179243C00BB6B5A /* Products */ = {
			isa = PBXGroup;
			children = (
				3DF667152179243C00BB6B5A /* Alamofire.framework */,
				3DF667172179243C00BB6B5A /* Alamofire iOS Tests.xctest */,
				3DF667192179243C00BB6B5A /* Alamofire.framework */,
				3DF6671B2179243C00BB6B5A /* Alamofire macOS Tests.xctest */,
				3DF6671D2179243C00BB6B5A /* Alamofire.framework */,
				3DF6671F2179243C00BB6B5A /* Alamofire tvOS Tests.xctest */,
				3DF667212179243C00BB6B5A /* Alamofire.framework */,
			);
			name = Products;
			sourceTree = "<group>";
		};
/* End PBXGroup section */

/* Begin PBXNativeTarget section */
		3DF666D72179225100BB6B5A /* Clima */ = {
			isa = PBXNativeTarget;
			buildConfigurationList = 3DF667002179225400BB6B5A /* Build configuration list for PBXNativeTarget "Clima" */;
			buildPhases = (
				3DF666D42179225100BB6B5A /* Sources */,
				3DF666D52179225100BB6B5A /* Frameworks */,
				3DF666D62179225100BB6B5A /* Resources */,
				3DF667262179251D00BB6B5A /* Embed Frameworks */,
			);
			buildRules = (
			);
			dependencies = (
				3DF667252179251D00BB6B5A /* PBXTargetDependency */,
			);
			name = Clima;
			productName = Clima;
			productReference = 3DF666D82179225100BB6B5A /* Clima.app */;
			productType = "com.apple.product-type.application";
		};
		3DF666EB2179225400BB6B5A /* ClimaTests */ = {
			isa = PBXNativeTarget;
			buildConfigurationList = 3DF667032179225400BB6B5A /* Build configuration list for PBXNativeTarget "ClimaTests" */;
			buildPhases = (
				3DF666E82179225400BB6B5A /* Sources */,
				3DF666E92179225400BB6B5A /* Frameworks */,
				3DF666EA2179225400BB6B5A /* Resources */,
			);
			buildRules = (
			);
			dependencies = (
				3DF666EE2179225400BB6B5A /* PBXTargetDependency */,
			);
			name = ClimaTests;
			productName = ClimaTests;
			productReference = 3DF666EC2179225400BB6B5A /* ClimaTests.xctest */;
			productType = "com.apple.product-type.bundle.unit-test";
		};
		3DF666F62179225400BB6B5A /* ClimaUITests */ = {
			isa = PBXNativeTarget;
			buildConfigurationList = 3DF667062179225400BB6B5A /* Build configuration list for PBXNativeTarget "ClimaUITests" */;
			buildPhases = (
				3DF666F32179225400BB6B5A /* Sources */,
				3DF666F42179225400BB6B5A /* Frameworks */,
				3DF666F52179225400BB6B5A /* Resources */,
			);
			buildRules = (
			);
			dependencies = (
				3DF666F92179225400BB6B5A /* PBXTargetDependency */,
			);
			name = ClimaUITests;
			productName = ClimaUITests;
			productReference = 3DF666F72179225400BB6B5A /* ClimaUITests.xctest */;
			productType = "com.apple.product-type.bundle.ui-testing";
		};
/* End PBXNativeTarget section */

/* Begin PBXProject section */
		3DF666D02179225100BB6B5A /* Project object */ = {
			isa = PBXProject;
			attributes = {
				LastSwiftUpdateCheck = 0940;
				LastUpgradeCheck = 0940;
				ORGANIZATIONNAME = Alumno;
				TargetAttributes = {
					3DF666D72179225100BB6B5A = {
						CreatedOnToolsVersion = 9.4.1;
					};
					3DF666EB2179225400BB6B5A = {
						CreatedOnToolsVersion = 9.4.1;
						TestTargetID = 3DF666D72179225100BB6B5A;
					};
					3DF666F62179225400BB6B5A = {
						CreatedOnToolsVersion = 9.4.1;
						TestTargetID = 3DF666D72179225100BB6B5A;
					};
				};
			};
			buildConfigurationList = 3DF666D32179225100BB6B5A /* Build configuration list for PBXProject "Clima" */;
			compatibilityVersion = "Xcode 9.3";
			developmentRegion = en;
			hasScannedForEncodings = 0;
			knownRegions = (
				en,
				Base,
			);
			mainGroup = 3DF666CF2179225100BB6B5A;
			productRefGroup = 3DF666D92179225100BB6B5A /* Products */;
			projectDirPath = "";
			projectReferences = (
				{
					ProductGroup = 3DF6670A2179243C00BB6B5A /* Products */;
					ProjectRef = 3DF667092179243C00BB6B5A /* Alamofire.xcodeproj */;
				},
			);
			projectRoot = "";
			targets = (
				3DF666D72179225100BB6B5A /* Clima */,
				3DF666EB2179225400BB6B5A /* ClimaTests */,
				3DF666F62179225400BB6B5A /* ClimaUITests */,
			);
		};
/* End PBXProject section */

/* Begin PBXReferenceProxy section */
		3DF667152179243C00BB6B5A /* Alamofire.framework */ = {
			isa = PBXReferenceProxy;
			fileType = wrapper.framework;
			path = Alamofire.framework;
			remoteRef = 3DF667142179243C00BB6B5A /* PBXContainerItemProxy */;
			sourceTree = BUILT_PRODUCTS_DIR;
		};
		3DF667172179243C00BB6B5A /* Alamofire iOS Tests.xctest */ = {
			isa = PBXReferenceProxy;
			fileType = wrapper.cfbundle;
			path = "Alamofire iOS Tests.xctest";
			remoteRef = 3DF667162179243C00BB6B5A /* PBXContainerItemProxy */;
			sourceTree = BUILT_PRODUCTS_DIR;
		};
		3DF667192179243C00BB6B5A /* Alamofire.framework */ = {
			isa = PBXReferenceProxy;
			fileType = wrapper.framework;
			path = Alamofire.framework;
			remoteRef = 3DF667182179243C00BB6B5A /* PBXContainerItemProxy */;
			sourceTree = BUILT_PRODUCTS_DIR;
		};
		3DF6671B2179243C00BB6B5A /* Alamofire macOS Tests.xctest */ = {
			isa = PBXReferenceProxy;
			fileType = wrapper.cfbundle;
			path = "Alamofire macOS Tests.xctest";
			remoteRef = 3DF6671A2179243C00BB6B5A /* PBXContainerItemProxy */;
			sourceTree = BUILT_PRODUCTS_DIR;
		};
		3DF6671D2179243C00BB6B5A /* Alamofire.framework */ = {
			isa = PBXReferenceProxy;
			fileType = wrapper.framework;
			path = Alamofire.framework;
			remoteRef = 3DF6671C2179243C00BB6B5A /* PBXContainerItemProxy */;
			sourceTree = BUILT_PRODUCTS_DIR;
		};
		3DF6671F2179243C00BB6B5A /* Alamofire tvOS Tests.xctest */ = {
			isa = PBXReferenceProxy;
			fileType = wrapper.cfbundle;
			path = "Alamofire tvOS Tests.xctest";
			remoteRef = 3DF6671E2179243C00BB6B5A /* PBXContainerItemProxy */;
			sourceTree = BUILT_PRODUCTS_DIR;
		};
		3DF667212179243C00BB6B5A /* Alamofire.framework */ = {
			isa = PBXReferenceProxy;
			fileType = wrapper.framework;
			path = Alamofire.framework;
			remoteRef = 3DF667202179243C00BB6B5A /* PBXContainerItemProxy */;
			sourceTree = BUILT_PRODUCTS_DIR;
		};
/* End PBXReferenceProxy section */

/* Begin PBXResourcesBuildPhase section */
		3DF666D62179225100BB6B5A /* Resources */ = {
			isa = PBXResourcesBuildPhase;
			buildActionMask = 2147483647;
			files = (
				3DF666E62179225300BB6B5A /* LaunchScreen.storyboard in Resources */,
				3DF666E32179225300BB6B5A /* Assets.xcassets in Resources */,
				3DF666E12179225100BB6B5A /* Main.storyboard in Resources */,
			);
			runOnlyForDeploymentPostprocessing = 0;
		};
		3DF666EA2179225400BB6B5A /* Resources */ = {
			isa = PBXResourcesBuildPhase;
			buildActionMask = 2147483647;
			files = (
			);
			runOnlyForDeploymentPostprocessing = 0;
		};
		3DF666F52179225400BB6B5A /* Resources */ = {
			isa = PBXResourcesBuildPhase;
			buildActionMask = 2147483647;
			files = (
			);
			runOnlyForDeploymentPostprocessing = 0;
		};
/* End PBXResourcesBuildPhase section */

/* Begin PBXSourcesBuildPhase section */
		3DF666D42179225100BB6B5A /* Sources */ = {
			isa = PBXSourcesBuildPhase;
			buildActionMask = 2147483647;
			files = (
				3DF666DE2179225100BB6B5A /* ViewController.swift in Sources */,
				3DF666DC2179225100BB6B5A /* AppDelegate.swift in Sources */,
			);
			runOnlyForDeploymentPostprocessing = 0;
		};
		3DF666E82179225400BB6B5A /* Sources */ = {
			isa = PBXSourcesBuildPhase;
			buildActionMask = 2147483647;
			files = (
				3DF666F12179225400BB6B5A /* ClimaTests.swift in Sources */,
			);
			runOnlyForDeploymentPostprocessing = 0;
		};
		3DF666F32179225400BB6B5A /* Sources */ = {
			isa = PBXSourcesBuildPhase;
			buildActionMask = 2147483647;
			files = (
				3DF666FC2179225400BB6B5A /* ClimaUITests.swift in Sources */,
			);
			runOnlyForDeploymentPostprocessing = 0;
		};
/* End PBXSourcesBuildPhase section */

/* Begin PBXTargetDependency section */
		3DF666EE2179225400BB6B5A /* PBXTargetDependency */ = {
			isa = PBXTargetDependency;
			target = 3DF666D72179225100BB6B5A /* Clima */;
			targetProxy = 3DF666ED2179225400BB6B5A /* PBXContainerItemProxy */;
		};
		3DF666F92179225400BB6B5A /* PBXTargetDependency */ = {
			isa = PBXTargetDependency;
			target = 3DF666D72179225100BB6B5A /* Clima */;
			targetProxy = 3DF666F82179225400BB6B5A /* PBXContainerItemProxy */;
		};
		3DF667252179251D00BB6B5A /* PBXTargetDependency */ = {
			isa = PBXTargetDependency;
			name = "Alamofire iOS";
			targetProxy = 3DF667242179251D00BB6B5A /* PBXContainerItemProxy */;
		};
/* End PBXTargetDependency section */

/* Begin PBXVariantGroup section */
		3DF666DF2179225100BB6B5A /* Main.storyboard */ = {
			isa = PBXVariantGroup;
			children = (
				3DF666E02179225100BB6B5A /* Base */,
			);
			name = Main.storyboard;
			sourceTree = "<group>";
		};
		3DF666E42179225300BB6B5A /* LaunchScreen.storyboard */ = {
			isa = PBXVariantGroup;
			children = (
				3DF666E52179225300BB6B5A /* Base */,
			);
			name = LaunchScreen.storyboard;
			sourceTree = "<group>";
		};
/* End PBXVariantGroup section */

/* Begin XCBuildConfiguration section */
		3DF666FE2179225400BB6B5A /* Debug */ = {
			isa = XCBuildConfiguration;
			buildSettings = {
				ALWAYS_SEARCH_USER_PATHS = NO;
				CLANG_ANALYZER_NONNULL = YES;
				CLANG_ANALYZER_NUMBER_OBJECT_CONVERSION = YES_AGGRESSIVE;
				CLANG_CXX_LANGUAGE_STANDARD = "gnu++14";
				CLANG_CXX_LIBRARY = "libc++";
				CLANG_ENABLE_MODULES = YES;
				CLANG_ENABLE_OBJC_ARC = YES;
				CLANG_ENABLE_OBJC_WEAK = YES;
				CLANG_WARN_BLOCK_CAPTURE_AUTORELEASING = YES;
				CLANG_WARN_BOOL_CONVERSION = YES;
				CLANG_WARN_COMMA = YES;
				CLANG_WARN_CONSTANT_CONVERSION = YES;
				CLANG_WARN_DEPRECATED_OBJC_IMPLEMENTATIONS = YES;
				CLANG_WARN_DIRECT_OBJC_ISA_USAGE = YES_ERROR;
				CLANG_WARN_DOCUMENTATION_COMMENTS = YES;
				CLANG_WARN_EMPTY_BODY = YES;
				CLANG_WARN_ENUM_CONVERSION = YES;
				CLANG_WARN_INFINITE_RECURSION = YES;
				CLANG_WARN_INT_CONVERSION = YES;
				CLANG_WARN_NON_LITERAL_NULL_CONVERSION = YES;
				CLANG_WARN_OBJC_IMPLICIT_RETAIN_SELF = YES;
				CLANG_WARN_OBJC_LITERAL_CONVERSION = YES;
				CLANG_WARN_OBJC_ROOT_CLASS = YES_ERROR;
				CLANG_WARN_RANGE_LOOP_ANALYSIS = YES;
				CLANG_WARN_STRICT_PROTOTYPES = YES;
				CLANG_WARN_SUSPICIOUS_MOVE = YES;
				CLANG_WARN_UNGUARDED_AVAILABILITY = YES_AGGRESSIVE;
				CLANG_WARN_UNREACHABLE_CODE = YES;
				CLANG_WARN__DUPLICATE_METHOD_MATCH = YES;
				CODE_SIGN_IDENTITY = "iPhone Developer";
				COPY_PHASE_STRIP = NO;
				DEBUG_INFORMATION_FORMAT = dwarf;
				ENABLE_STRICT_OBJC_MSGSEND = YES;
				ENABLE_TESTABILITY = YES;
				GCC_C_LANGUAGE_STANDARD = gnu11;
				GCC_DYNAMIC_NO_PIC = NO;
				GCC_NO_COMMON_BLOCKS = YES;
				GCC_OPTIMIZATION_LEVEL = 0;
				GCC_PREPROCESSOR_DEFINITIONS = (
					"DEBUG=1",
					"$(inherited)",
				);
				GCC_WARN_64_TO_32_BIT_CONVERSION = YES;
				GCC_WARN_ABOUT_RETURN_TYPE = YES_ERROR;
				GCC_WARN_UNDECLARED_SELECTOR = YES;
				GCC_WARN_UNINITIALIZED_AUTOS = YES_AGGRESSIVE;
				GCC_WARN_UNUSED_FUNCTION = YES;
				GCC_WARN_UNUSED_VARIABLE = YES;
				IPHONEOS_DEPLOYMENT_TARGET = 11.4;
				MTL_ENABLE_DEBUG_INFO = YES;
				ONLY_ACTIVE_ARCH = YES;
				SDKROOT = iphoneos;
				SWIFT_ACTIVE_COMPILATION_CONDITIONS = DEBUG;
				SWIFT_OPTIMIZATION_LEVEL = "-Onone";
			};
			name = Debug;
		};
		3DF666FF2179225400BB6B5A /* Release */ = {
			isa = XCBuildConfiguration;
			buildSettings = {
				ALWAYS_SEARCH_USER_PATHS = NO;
				CLANG_ANALYZER_NONNULL = YES;
				CLANG_ANALYZER_NUMBER_OBJECT_CONVERSION = YES_AGGRESSIVE;
				CLANG_CXX_LANGUAGE_STANDARD = "gnu++14";
				CLANG_CXX_LIBRARY = "libc++";
				CLANG_ENABLE_MODULES = YES;
				CLANG_ENABLE_OBJC_ARC = YES;
				CLANG_ENABLE_OBJC_WEAK = YES;
				CLANG_WARN_BLOCK_CAPTURE_AUTORELEASING = YES;
				CLANG_WARN_BOOL_CONVERSION = YES;
				CLANG_WARN_COMMA = YES;
				CLANG_WARN_CONSTANT_CONVERSION = YES;
				CLANG_WARN_DEPRECATED_OBJC_IMPLEMENTATIONS = YES;
				CLANG_WARN_DIRECT_OBJC_ISA_USAGE = YES_ERROR;
				CLANG_WARN_DOCUMENTATION_COMMENTS = YES;
				CLANG_WARN_EMPTY_BODY = YES;
				CLANG_WARN_ENUM_CONVERSION = YES;
				CLANG_WARN_INFINITE_RECURSION = YES;
				CLANG_WARN_INT_CONVERSION = YES;
				CLANG_WARN_NON_LITERAL_NULL_CONVERSION = YES;
				CLANG_WARN_OBJC_IMPLICIT_RETAIN_SELF = YES;
				CLANG_WARN_OBJC_LITERAL_CONVERSION = YES;
				CLANG_WARN_OBJC_ROOT_CLASS = YES_ERROR;
				CLANG_WARN_RANGE_LOOP_ANALYSIS = YES;
				CLANG_WARN_STRICT_PROTOTYPES = YES;
				CLANG_WARN_SUSPICIOUS_MOVE = YES;
				CLANG_WARN_UNGUARDED_AVAILABILITY = YES_AGGRESSIVE;
				CLANG_WARN_UNREACHABLE_CODE = YES;
				CLANG_WARN__DUPLICATE_METHOD_MATCH = YES;
				CODE_SIGN_IDENTITY = "iPhone Developer";
				COPY_PHASE_STRIP = NO;
				DEBUG_INFORMATION_FORMAT = "dwarf-with-dsym";
				ENABLE_NS_ASSERTIONS = NO;
				ENABLE_STRICT_OBJC_MSGSEND = YES;
				GCC_C_LANGUAGE_STANDARD = gnu11;
				GCC_NO_COMMON_BLOCKS = YES;
				GCC_WARN_64_TO_32_BIT_CONVERSION = YES;
				GCC_WARN_ABOUT_RETURN_TYPE = YES_ERROR;
				GCC_WARN_UNDECLARED_SELECTOR = YES;
				GCC_WARN_UNINITIALIZED_AUTOS = YES_AGGRESSIVE;
				GCC_WARN_UNUSED_FUNCTION = YES;
				GCC_WARN_UNUSED_VARIABLE = YES;
				IPHONEOS_DEPLOYMENT_TARGET = 11.4;
				MTL_ENABLE_DEBUG_INFO = NO;
				SDKROOT = iphoneos;
				SWIFT_COMPILATION_MODE = wholemodule;
				SWIFT_OPTIMIZATION_LEVEL = "-O";
				VALIDATE_PRODUCT = YES;
			};
			name = Release;
		};
		3DF667012179225400BB6B5A /* Debug */ = {
			isa = XCBuildConfiguration;
			buildSettings = {
				ALWAYS_EMBED_SWIFT_STANDARD_LIBRARIES = YES;
				ASSETCATALOG_COMPILER_APPICON_NAME = AppIcon;
				CODE_SIGN_STYLE = Automatic;
				INFOPLIST_FILE = Clima/Info.plist;
				LD_RUNPATH_SEARCH_PATHS = (
					"$(inherited)",
					"@executable_path/Frameworks",
				);
				PRODUCT_BUNDLE_IDENTIFIER = Any.Clima;
				PRODUCT_NAME = "$(TARGET_NAME)";
				SWIFT_VERSION = 4.0;
				TARGETED_DEVICE_FAMILY = "1,2";
			};
			name = Debug;
		};
		3DF667022179225400BB6B5A /* Release */ = {
			isa = XCBuildConfiguration;
			buildSettings = {
				ALWAYS_EMBED_SWIFT_STANDARD_LIBRARIES = YES;
				ASSETCATALOG_COMPILER_APPICON_NAME = AppIcon;
				CODE_SIGN_STYLE = Automatic;
				INFOPLIST_FILE = Clima/Info.plist;
				LD_RUNPATH_SEARCH_PATHS = (
					"$(inherited)",
					"@executable_path/Frameworks",
				);
				PRODUCT_BUNDLE_IDENTIFIER = Any.Clima;
				PRODUCT_NAME = "$(TARGET_NAME)";
				SWIFT_VERSION = 4.0;
				TARGETED_DEVICE_FAMILY = "1,2";
			};
			name = Release;
		};
		3DF667042179225400BB6B5A /* Debug */ = {
			isa = XCBuildConfiguration;
			buildSettings = {
				ALWAYS_EMBED_SWIFT_STANDARD_LIBRARIES = YES;
				BUNDLE_LOADER = "$(TEST_HOST)";
				CODE_SIGN_STYLE = Automatic;
				INFOPLIST_FILE = ClimaTests/Info.plist;
				LD_RUNPATH_SEARCH_PATHS = (
					"$(inherited)",
					"@executable_path/Frameworks",
					"@loader_path/Frameworks",
				);
				PRODUCT_BUNDLE_IDENTIFIER = Any.ClimaTests;
				PRODUCT_NAME = "$(TARGET_NAME)";
				SWIFT_VERSION = 4.0;
				TARGETED_DEVICE_FAMILY = "1,2";
				TEST_HOST = "$(BUILT_PRODUCTS_DIR)/Clima.app/Clima";
			};
			name = Debug;
		};
		3DF667052179225400BB6B5A /* Release */ = {
			isa = XCBuildConfiguration;
			buildSettings = {
				ALWAYS_EMBED_SWIFT_STANDARD_LIBRARIES = YES;
				BUNDLE_LOADER = "$(TEST_HOST)";
				CODE_SIGN_STYLE = Automatic;
				INFOPLIST_FILE = ClimaTests/Info.plist;
				LD_RUNPATH_SEARCH_PATHS = (
					"$(inherited)",
					"@executable_path/Frameworks",
					"@loader_path/Frameworks",
				);
				PRODUCT_BUNDLE_IDENTIFIER = Any.ClimaTests;
				PRODUCT_NAME = "$(TARGET_NAME)";
				SWIFT_VERSION = 4.0;
				TARGETED_DEVICE_FAMILY = "1,2";
				TEST_HOST = "$(BUILT_PRODUCTS_DIR)/Clima.app/Clima";
			};
			name = Release;
		};
		3DF667072179225400BB6B5A /* Debug */ = {
			isa = XCBuildConfiguration;
			buildSettings = {
				ALWAYS_EMBED_SWIFT_STANDARD_LIBRARIES = YES;
				CODE_SIGN_STYLE = Automatic;
				INFOPLIST_FILE = ClimaUITests/Info.plist;
				LD_RUNPATH_SEARCH_PATHS = (
					"$(inherited)",
					"@executable_path/Frameworks",
					"@loader_path/Frameworks",
				);
				PRODUCT_BUNDLE_IDENTIFIER = Any.ClimaUITests;
				PRODUCT_NAME = "$(TARGET_NAME)";
				SWIFT_VERSION = 4.0;
				TARGETED_DEVICE_FAMILY = "1,2";
				TEST_TARGET_NAME = Clima;
			};
			name = Debug;
		};
		3DF667082179225400BB6B5A /* Release */ = {
			isa = XCBuildConfiguration;
			buildSettings = {
				ALWAYS_EMBED_SWIFT_STANDARD_LIBRARIES = YES;
				CODE_SIGN_STYLE = Automatic;
				INFOPLIST_FILE = ClimaUITests/Info.plist;
				LD_RUNPATH_SEARCH_PATHS = (
					"$(inherited)",
					"@executable_path/Frameworks",
					"@loader_path/Frameworks",
				);
				PRODUCT_BUNDLE_IDENTIFIER = Any.ClimaUITests;
				PRODUCT_NAME = "$(TARGET_NAME)";
				SWIFT_VERSION = 4.0;
				TARGETED_DEVICE_FAMILY = "1,2";
				TEST_TARGET_NAME = Clima;
			};
			name = Release;
		};
/* End XCBuildConfiguration section */

/* Begin XCConfigurationList section */
		3DF666D32179225100BB6B5A /* Build configuration list for PBXProject "Clima" */ = {
			isa = XCConfigurationList;
			buildConfigurations = (
				3DF666FE2179225400BB6B5A /* Debug */,
				3DF666FF2179225400BB6B5A /* Release */,
			);
			defaultConfigurationIsVisible = 0;
			defaultConfigurationName = Release;
		};
		3DF667002179225400BB6B5A /* Build configuration list for PBXNativeTarget "Clima" */ = {
			isa = XCConfigurationList;
			buildConfigurations = (
				3DF667012179225400BB6B5A /* Debug */,
				3DF667022179225400BB6B5A /* Release */,
			);
			defaultConfigurationIsVisible = 0;
			defaultConfigurationName = Release;
		};
		3DF667032179225400BB6B5A /* Build configuration list for PBXNativeTarget "ClimaTests" */ = {
			isa = XCConfigurationList;
			buildConfigurations = (
				3DF667042179225400BB6B5A /* Debug */,
				3DF667052179225400BB6B5A /* Release */,
			);
			defaultConfigurationIsVisible = 0;
			defaultConfigurationName = Release;
		};
		3DF667062179225400BB6B5A /* Build configuration list for PBXNativeTarget "ClimaUITests" */ = {
			isa = XCConfigurationList;
			buildConfigurations = (
				3DF667072179225400BB6B5A /* Debug */,
				3DF667082179225400BB6B5A /* Release */,
			);
			defaultConfigurationIsVisible = 0;
			defaultConfigurationName = Release;
		};
/* End XCConfigurationList section */
	};
	rootObject = 3DF666D02179225100BB6B5A /* Project object */;
}
